
Microsoft Visual Studio Solution File, Format Version 12.00
# Visual Studio 14
VisualStudioVersion = 14.0.25420.1
MinimumVisualStudioVersion = 10.0.40219.1
Project("{FAE04EC0-301F-11D3-BF4B-00C04F79EFBC}") = "BizTalk.PipelineComponents.AddBOM", "BizTalk.PipelineComponents.AddBOM.csproj", "{F4A779B9-DFEA-41A9-9327-F2D079D3ABED}"
EndProject
Global
	GlobalSection(SolutionConfigurationPlatforms) = preSolution
		Debug|Any CPU = Debug|Any CPU
		Release|Any CPU = Release|Any CPU
	EndGlobalSection
	GlobalSection(ProjectConfigurationPlatforms) = postSolution
		{F4A779B9-DFEA-41A9-9327-F2D079D3ABED}.Debug|Any CPU.ActiveCfg = Debug|Any CPU
		{F4A779B9-DFEA-41A9-9327-F2D079D3ABED}.Debug|Any CPU.Build.0 = Debug|Any CPU
		{F4A779B9-DFEA-41A9-9327-F2D079D3ABED}.Release|Any CPU.ActiveCfg = Release|Any CPU
		{F4A779B9-DFEA-41A9-9327-F2D079D3ABED}.Release|Any CPU.Build.0 = Release|Any CPU
	EndGlobalSection
	GlobalSection(SolutionProperties) = preSolution
		HideSolutionNode = FALSE
	EndGlobalSection
EndGlobal
